// !$*UTF8*$!
{
	archiveVersion = 1;
	classes = {
	};
	objectVersion = 46;
	objects = {

/* Begin PBXBuildFile section */
		129A985B19F6D643003D3162 /* AppDelegate.swift in Sources */ = {isa = PBXBuildFile; fileRef = 129A985A19F6D643003D3162 /* AppDelegate.swift */; };
		129A985D19F6D643003D3162 /* ViewController.swift in Sources */ = {isa = PBXBuildFile; fileRef = 129A985C19F6D643003D3162 /* ViewController.swift */; };
		129A986019F6D643003D3162 /* Main.storyboard in Resources */ = {isa = PBXBuildFile; fileRef = 129A985E19F6D643003D3162 /* Main.storyboard */; };
		129A986219F6D643003D3162 /* Images.xcassets in Resources */ = {isa = PBXBuildFile; fileRef = 129A986119F6D643003D3162 /* Images.xcassets */; };
		129A986519F6D643003D3162 /* LaunchScreen.xib in Resources */ = {isa = PBXBuildFile; fileRef = 129A986319F6D643003D3162 /* LaunchScreen.xib */; };
		129A987119F6D643003D3162 /* Image_FilterTests.swift in Sources */ = {isa = PBXBuildFile; fileRef = 129A987019F6D643003D3162 /* Image_FilterTests.swift */; };
/* End PBXBuildFile section */

/* Begin PBXContainerItemProxy section */
		129A986B19F6D643003D3162 /* PBXContainerItemProxy */ = {
			isa = PBXContainerItemProxy;
			containerPortal = 129A984D19F6D643003D3162 /* Project object */;
			proxyType = 1;
			remoteGlobalIDString = 129A985419F6D643003D3162;
			remoteInfo = "Image Filter";
		};
/* End PBXContainerItemProxy section */

/* Begin PBXFileReference section */
		129A985519F6D643003D3162 /* Image Filter.app */ = {isa = PBXFileReference; explicitFileType = wrapper.application; includeInIndex = 0; path = "Image Filter.app"; sourceTree = BUILT_PRODUCTS_DIR; };
		129A985919F6D643003D3162 /* Info.plist */ = {isa = PBXFileReference; lastKnownFileType = text.plist.xml; path = Info.plist; sourceTree = "<group>"; };
		129A985A19F6D643003D3162 /* AppDelegate.swift */ = {isa = PBXFileReference; lastKnownFileType = sourcecode.swift; path = AppDelegate.swift; sourceTree = "<group>"; };
		129A985C19F6D643003D3162 /* ViewController.swift */ = {isa = PBXFileReference; lastKnownFileType = sourcecode.swift; path = ViewController.swift; sourceTree = "<group>"; };
		129A985F19F6D643003D3162 /* Base */ = {isa = PBXFileReference; lastKnownFileType = file.storyboard; name = Base; path = Base.lproj/Main.storyboard; sourceTree = "<group>"; };
		129A986119F6D643003D3162 /* Images.xcassets */ = {isa = PBXFileReference; lastKnownFileType = folder.assetcatalog; path = Images.xcassets; sourceTree = "<group>"; };
		129A986419F6D643003D3162 /* Base */ = {isa = PBXFileReference; lastKnownFileType = file.xib; name = Base; path = Base.lproj/LaunchScreen.xib; sourceTree = "<group>"; };
		129A986A19F6D643003D3162 /* Image FilterTests.xctest */ = {isa = PBXFileReference; explicitFileType = wrapper.cfbundle; includeInIndex = 0; path = "Image FilterTests.xctest"; sourceTree = BUILT_PRODUCTS_DIR; };
		129A986F19F6D643003D3162 /* Info.plist */ = {isa = PBXFileReference; lastKnownFileType = text.plist.xml; path = Info.plist; sourceTree = "<group>"; };
		129A987019F6D643003D3162 /* Image_FilterTests.swift */ = {isa = PBXFileReference; lastKnownFileType = sourcecode.swift; path = Image_FilterTests.swift; sourceTree = "<group>"; };
/* End PBXFileReference section */

/* Begin PBXFrameworksBuildPhase section */
		129A985219F6D643003D3162 /* Frameworks */ = {
			isa = PBXFrameworksBuildPhase;
			buildActionMask = 2147483647;
			files = (
			);
			runOnlyForDeploymentPostprocessing = 0;
		};
		129A986719F6D643003D3162 /* Frameworks */ = {
			isa = PBXFrameworksBuildPhase;
			buildActionMask = 2147483647;
			files = (
			);
			runOnlyForDeploymentPostprocessing = 0;
		};
/* End PBXFrameworksBuildPhase section */

/* Begin PBXGroup section */
		129A984C19F6D643003D3162 = {
			isa = PBXGroup;
			children = (
				129A985719F6D643003D3162 /* Image Filter */,
				129A986D19F6D643003D3162 /* Image FilterTests */,
				129A985619F6D643003D3162 /* Products */,
			);
			sourceTree = "<group>";
		};
		129A985619F6D643003D3162 /* Products */ = {
			isa = PBXGroup;
			children = (
				129A985519F6D643003D3162 /* Image Filter.app */,
				129A986A19F6D643003D3162 /* Image FilterTests.xctest */,
			);
			name = Products;
			sourceTree = "<group>";
		};
		129A985719F6D643003D3162 /* Image Filter */ = {
			isa = PBXGroup;
			children = (
				129A985A19F6D643003D3162 /* AppDelegate.swift */,
				129A985C19F6D643003D3162 /* ViewController.swift */,
				129A985E19F6D643003D3162 /* Main.storyboard */,
				129A986119F6D643003D3162 /* Images.xcassets */,
				129A986319F6D643003D3162 /* LaunchScreen.xib */,
				129A985819F6D643003D3162 /* Supporting Files */,
			);
			path = "Image Filter";
			sourceTree = "<group>";
		};
		129A985819F6D643003D3162 /* Supporting Files */ = {
			isa = PBXGroup;
			children = (
				129A985919F6D643003D3162 /* Info.plist */,
			);
			name = "Supporting Files";
			sourceTree = "<group>";
		};
		129A986D19F6D643003D3162 /* Image FilterTests */ = {
			isa = PBXGroup;
			children = (
				129A987019F6D643003D3162 /* Image_FilterTests.swift */,
				129A986E19F6D643003D3162 /* Supporting Files */,
			);
			path = "Image FilterTests";
			sourceTree = "<group>";
		};
		129A986E19F6D643003D3162 /* Supporting Files */ = {
			isa = PBXGroup;
			children = (
				129A986F19F6D643003D3162 /* Info.plist */,
			);
			name = "Supporting Files";
			sourceTree = "<group>";
		};
/* End PBXGroup section */

/* Begin PBXNativeTarget section */
		129A985419F6D643003D3162 /* Image Filter */ = {
			isa = PBXNativeTarget;
			buildConfigurationList = 129A987419F6D643003D3162 /* Build configuration list for PBXNativeTarget "Image Filter" */;
			buildPhases = (
				129A985119F6D643003D3162 /* Sources */,
				129A985219F6D643003D3162 /* Frameworks */,
				129A985319F6D643003D3162 /* Resources */,
			);
			buildRules = (
			);
			dependencies = (
			);
			name = "Image Filter";
			productName = "Image Filter";
			productReference = 129A985519F6D643003D3162 /* Image Filter.app */;
			productType = "com.apple.product-type.application";
		};
		129A986919F6D643003D3162 /* Image FilterTests */ = {
			isa = PBXNativeTarget;
			buildConfigurationList = 129A987719F6D643003D3162 /* Build configuration list for PBXNativeTarget "Image FilterTests" */;
			buildPhases = (
				129A986619F6D643003D3162 /* Sources */,
				129A986719F6D643003D3162 /* Frameworks */,
				129A986819F6D643003D3162 /* Resources */,
			);
			buildRules = (
			);
			dependencies = (
				129A986C19F6D643003D3162 /* PBXTargetDependency */,
			);
			name = "Image FilterTests";
			productName = "Image FilterTests";
			productReference = 129A986A19F6D643003D3162 /* Image FilterTests.xctest */;
			productType = "com.apple.product-type.bundle.unit-test";
		};
/* End PBXNativeTarget section */

/* Begin PBXProject section */
		129A984D19F6D643003D3162 /* Project object */ = {
			isa = PBXProject;
			attributes = {
				LastUpgradeCheck = 0610;
				ORGANIZATIONNAME = "Chris Snow";
				TargetAttributes = {
					129A985419F6D643003D3162 = {
						CreatedOnToolsVersion = 6.1;
					};
					129A986919F6D643003D3162 = {
						CreatedOnToolsVersion = 6.1;
						TestTargetID = 129A985419F6D643003D3162;
					};
				};
			};
			buildConfigurationList = 129A985019F6D643003D3162 /* Build configuration list for PBXProject "Image Filter" */;
			compatibilityVersion = "Xcode 3.2";
			developmentRegion = English;
			hasScannedForEncodings = 0;
			knownRegions = (
				en,
				Base,
			);
			mainGroup = 129A984C19F6D643003D3162;
			productRefGroup = 129A985619F6D643003D3162 /* Products */;
			projectDirPath = "";
			projectRoot = "";
			targets = (
				129A985419F6D643003D3162 /* Image Filter */,
				129A986919F6D643003D3162 /* Image FilterTests */,
			);
		};
/* End PBXProject section */

/* Begin PBXResourcesBuildPhase section */
		129A985319F6D643003D3162 /* Resources */ = {
			isa = PBXResourcesBuildPhase;
			buildActionMask = 2147483647;
			files = (
				129A986019F6D643003D3162 /* Main.storyboard in Resources */,
				129A986519F6D643003D3162 /* LaunchScreen.xib in Resources */,
				129A986219F6D643003D3162 /* Images.xcassets in Resources */,
			);
			runOnlyForDeploymentPostprocessing = 0;
		};
		129A986819F6D643003D3162 /* Resources */ = {
			isa = PBXResourcesBuildPhase;
			buildActionMask = 2147483647;
			files = (
			);
			runOnlyForDeploymentPostprocessing = 0;
		};
/* End PBXResourcesBuildPhase section */

/* Begin PBXSourcesBuildPhase section */
		129A985119F6D643003D3162 /* Sources */ = {
			isa = PBXSourcesBuildPhase;
			buildActionMask = 2147483647;
			files = (
				129A985D19F6D643003D3162 /* ViewController.swift in Sources */,
				129A985B19F6D643003D3162 /* AppDelegate.swift in Sources */,
			);
			runOnlyForDeploymentPostprocessing = 0;
		};
		129A986619F6D643003D3162 /* Sources */ = {
			isa = PBXSourcesBuildPhase;
			buildActionMask = 2147483647;
			files = (
				129A987119F6D643003D3162 /* Image_FilterTests.swift in Sources */,
			);
			runOnlyForDeploymentPostprocessing = 0;
		};
/* End PBXSourcesBuildPhase section */

/* Begin PBXTargetDependency section */
		129A986C19F6D643003D3162 /* PBXTargetDependency */ = {
			isa = PBXTargetDependency;
			target = 129A985419F6D643003D3162 /* Image Filter */;
			targetProxy = 129A986B19F6D643003D3162 /* PBXContainerItemProxy */;
		};
/* End PBXTargetDependency section */

/* Begin PBXVariantGroup section */
		129A985E19F6D643003D3162 /* Main.storyboard */ = {
			isa = PBXVariantGroup;
			children = (
				129A985F19F6D643003D3162 /* Base */,
			);
			name = Main.storyboard;
			sourceTree = "<group>";
		};
		129A986319F6D643003D3162 /* LaunchScreen.xib */ = {
			isa = PBXVariantGroup;
			children = (
				129A986419F6D643003D3162 /* Base */,
			);
			name = LaunchScreen.xib;
			sourceTree = "<group>";
		};
/* End PBXVariantGroup section */

/* Begin XCBuildConfiguration section */
		129A987219F6D643003D3162 /* Debug */ = {
			isa = XCBuildConfiguration;
			buildSettings = {
				ALWAYS_SEARCH_USER_PATHS = NO;
				CLANG_CXX_LANGUAGE_STANDARD = "gnu++0x";
				CLANG_CXX_LIBRARY = "libc++";
				CLANG_ENABLE_MODULES = YES;
				CLANG_ENABLE_OBJC_ARC = YES;
				CLANG_WARN_BOOL_CONVERSION = YES;
				CLANG_WARN_CONSTANT_CONVERSION = YES;
				CLANG_WARN_DIRECT_OBJC_ISA_USAGE = YES_ERROR;
				CLANG_WARN_EMPTY_BODY = YES;
				CLANG_WARN_ENUM_CONVERSION = YES;
				CLANG_WARN_INT_CONVERSION = YES;
				CLANG_WARN_OBJC_ROOT_CLASS = YES_ERROR;
				CLANG_WARN_UNREACHABLE_CODE = YES;
				CLANG_WARN__DUPLICATE_METHOD_MATCH = YES;
				"CODE_SIGN_IDENTITY[sdk=iphoneos*]" = "iPhone Developer";
				COPY_PHASE_STRIP = NO;
				ENABLE_STRICT_OBJC_MSGSEND = YES;
				GCC_C_LANGUAGE_STANDARD = gnu99;
				GCC_DYNAMIC_NO_PIC = NO;
				GCC_OPTIMIZATION_LEVEL = 0;
				GCC_PREPROCESSOR_DEFINITIONS = (
					"DEBUG=1",
					"$(inherited)",
				);
				GCC_SYMBOLS_PRIVATE_EXTERN = NO;
				GCC_WARN_64_TO_32_BIT_CONVERSION = YES;
				GCC_WARN_ABOUT_RETURN_TYPE = YES_ERROR;
				GCC_WARN_UNDECLARED_SELECTOR = YES;
				GCC_WARN_UNINITIALIZED_AUTOS = YES_AGGRESSIVE;
				GCC_WARN_UNUSED_FUNCTION = YES;
				GCC_WARN_UNUSED_VARIABLE = YES;
				IPHONEOS_DEPLOYMENT_TARGET = 8.1;
				MTL_ENABLE_DEBUG_INFO = YES;
				ONLY_ACTIVE_ARCH = YES;
				SDKROOT = iphoneos;
				SWIFT_OPTIMIZATION_LEVEL = "-Onone";
				TARGETED_DEVICE_FAMILY = "1,2";
			};
			name = Debug;
		};
		129A987319F6D643003D3162 /* Release */ = {
			isa = XCBuildConfiguration;
			buildSettings = {
				ALWAYS_SEARCH_USER_PATHS = NO;
				CLANG_CXX_LANGUAGE_STANDARD = "gnu++0x";
				CLANG_CXX_LIBRARY = "libc++";
				CLANG_ENABLE_MODULES = YES;
				CLANG_ENABLE_OBJC_ARC = YES;
				CLANG_WARN_BOOL_CONVERSION = YES;
				CLANG_WARN_CONSTANT_CONVERSION = YES;
				CLANG_WARN_DIRECT_OBJC_ISA_USAGE = YES_ERROR;
				CLANG_WARN_EMPTY_BODY = YES;
				CLANG_WARN_ENUM_CONVERSION = YES;
				CLANG_WARN_INT_CONVERSION = YES;
				CLANG_WARN_OBJC_ROOT_CLASS = YES_ERROR;
				CLANG_WARN_UNREACHABLE_CODE = YES;
				CLANG_WARN__DUPLICATE_METHOD_MATCH = YES;
				"CODE_SIGN_IDENTITY[sdk=iphoneos*]" = "iPhone Developer";
				COPY_PHASE_STRIP = YES;
				ENABLE_NS_ASSERTIONS = NO;
				ENABLE_STRICT_OBJC_MSGSEND = YES;
				GCC_C_LANGUAGE_STANDARD = gnu99;
				GCC_WARN_64_TO_32_BIT_CONVERSION = YES;
				GCC_WARN_ABOUT_RETURN_TYPE = YES_ERROR;
				GCC_WARN_UNDECLARED_SELECTOR = YES;
				GCC_WARN_UNINITIALIZED_AUTOS = YES_AGGRESSIVE;
				GCC_WARN_UNUSED_FUNCTION = YES;
				GCC_WARN_UNUSED_VARIABLE = YES;
				IPHONEOS_DEPLOYMENT_TARGET = 8.1;
				MTL_ENABLE_DEBUG_INFO = NO;
				SDKROOT = iphoneos;
				TARGETED_DEVICE_FAMILY = "1,2";
				VALIDATE_PRODUCT = YES;
			};
			name = Release;
		};
		129A987519F6D643003D3162 /* Debug */ = {
			isa = XCBuildConfiguration;
			buildSettings = {
				ASSETCATALOG_COMPILER_APPICON_NAME = AppIcon;
				INFOPLIST_FILE = "Image Filter/Info.plist";
				LD_RUNPATH_SEARCH_PATHS = "$(inherited) @executable_path/Frameworks";
				PRODUCT_NAME = "$(TARGET_NAME)";
			};
			name = Debug;
		};
		129A987619F6D643003D3162 /* Release */ = {
			isa = XCBuildConfiguration;
			buildSettings = {
				ASSETCATALOG_COMPILER_APPICON_NAME = AppIcon;
				INFOPLIST_FILE = "Image Filter/Info.plist";
				LD_RUNPATH_SEARCH_PATHS = "$(inherited) @executable_path/Frameworks";
				PRODUCT_NAME = "$(TARGET_NAME)";
			};
			name = Release;
		};
		129A987819F6D643003D3162 /* Debug */ = {
			isa = XCBuildConfiguration;
			buildSettings = {
				BUNDLE_LOADER = "$(TEST_HOST)";
				FRAMEWORK_SEARCH_PATHS = (
					"$(SDKROOT)/Developer/Library/Frameworks",
					"$(inherited)",
				);
				GCC_PREPROCESSOR_DEFINITIONS = (
					"DEBUG=1",
					"$(inherited)",
				);
				INFOPLIST_FILE = "Image FilterTests/Info.plist";
				LD_RUNPATH_SEARCH_PATHS = "$(inherited) @executable_path/Frameworks @loader_path/Frameworks";
				PRODUCT_NAME = "$(TARGET_NAME)";
				TEST_HOST = "$(BUILT_PRODUCTS_DIR)/Image Filter.app/Image Filter";
			};
			name = Debug;
		};
		129A987919F6D643003D3162 /* Release */ = {
			isa = XCBuildConfiguration;
			buildSettings = {
				BUNDLE_LOADER = "$(TEST_HOST)";
				FRAMEWORK_SEARCH_PATHS = (
					"$(SDKROOT)/Developer/Library/Frameworks",
					"$(inherited)",
				);
				INFOPLIST_FILE = "Image FilterTests/Info.plist";
				LD_RUNPATH_SEARCH_PATHS = "$(inherited) @executable_path/Frameworks @loader_path/Frameworks";
				PRODUCT_NAME = "$(TARGET_NAME)";
				TEST_HOST = "$(BUILT_PRODUCTS_DIR)/Image Filter.app/Image Filter";
			};
			name = Release;
		};
/* End XCBuildConfiguration section */

/* Begin XCConfigurationList section */
		129A985019F6D643003D3162 /* Build configuration list for PBXProject "Image Filter" */ = {
			isa = XCConfigurationList;
			buildConfigurations = (
				129A987219F6D643003D3162 /* Debug */,
				129A987319F6D643003D3162 /* Release */,
			);
			defaultConfigurationIsVisible = 0;
			defaultConfigurationName = Release;
		};
		129A987419F6D643003D3162 /* Build configuration list for PBXNativeTarget "Image Filter" */ = {
			isa = XCConfigurationList;
			buildConfigurations = (
				129A987519F6D643003D3162 /* Debug */,
				129A987619F6D643003D3162 /* Release */,
			);
			defaultConfigurationIsVisible = 0;
		};
		129A987719F6D643003D3162 /* Build configuration list for PBXNativeTarget "Image FilterTests" */ = {
			isa = XCConfigurationList;
			buildConfigurations = (
				129A987819F6D643003D3162 /* Debug */,
				129A987919F6D643003D3162 /* Release */,
			);
			defaultConfigurationIsVisible = 0;
		};
/* End XCConfigurationList section */
	};
	rootObject = 129A984D19F6D643003D3162 /* Project object */;
}
